
Microsoft Visual Studio Solution File, Format Version 12.00
# Visual Studio 15
VisualStudioVersion = 15.0.28307.1340
MinimumVisualStudioVersion = 10.0.40219.1
Project("{FAE04EC0-301F-11D3-BF4B-00C04F79EFBC}") = "BookStore", "BookStore\BookStore.csproj", "{8D6E1987-8274-4AD4-B6BE-942590122A3E}"
EndProject
Project("{FAE04EC0-301F-11D3-BF4B-00C04F79EFBC}") = "BookStore.Tests", "BookStore.Tests\BookStore.Tests.csproj", "{7CFAC8D8-1684-41C2-A4ED-4A9252D0B8DD}"
EndProject
Global
	GlobalSection(SolutionConfigurationPlatforms) = preSolution
		Debug|Any CPU = Debug|Any CPU
		Release|Any CPU = Release|Any CPU
	EndGlobalSection
	GlobalSection(ProjectConfigurationPlatforms) = postSolution
		{8D6E1987-8274-4AD4-B6BE-942590122A3E}.Debug|Any CPU.ActiveCfg = Debug|Any CPU
		{8D6E1987-8274-4AD4-B6BE-942590122A3E}.Debug|Any CPU.Build.0 = Debug|Any CPU
		{8D6E1987-8274-4AD4-B6BE-942590122A3E}.Release|Any CPU.ActiveCfg = Release|Any CPU
		{8D6E1987-8274-4AD4-B6BE-942590122A3E}.Release|Any CPU.Build.0 = Release|Any CPU
		{7CFAC8D8-1684-41C2-A4ED-4A9252D0B8DD}.Debug|Any CPU.ActiveCfg = Debug|Any CPU
		{7CFAC8D8-1684-41C2-A4ED-4A9252D0B8DD}.Debug|Any CPU.Build.0 = Debug|Any CPU
		{7CFAC8D8-1684-41C2-A4ED-4A9252D0B8DD}.Release|Any CPU.ActiveCfg = Release|Any CPU
		{7CFAC8D8-1684-41C2-A4ED-4A9252D0B8DD}.Release|Any CPU.Build.0 = Release|Any CPU
	EndGlobalSection
	GlobalSection(SolutionProperties) = preSolution
		HideSolutionNode = FALSE
	EndGlobalSection
	GlobalSection(ExtensibilityGlobals) = postSolution
		SolutionGuid = {E44E727C-BFFF-4F9F-ADB5-03983F22A782}
	EndGlobalSection
EndGlobal
